// !$*UTF8*$!
{
	archiveVersion = 1;
	classes = {
	};
	objectVersion = 46;
	objects = {

/* Begin PBXBuildFile section */
		454BAC9AC924538CE006F78A /* Pods_TaskMan.framework in Frameworks */ = {isa = PBXBuildFile; fileRef = F76BB6A340D7B7ADE9042579 /* Pods_TaskMan.framework */; };
		6E943298542E0BBD29F8D930 /* Pods_TaskManTests.framework in Frameworks */ = {isa = PBXBuildFile; fileRef = D7C1D5DB353173562033B8F9 /* Pods_TaskManTests.framework */; };
		A009563A1DF8818500F30194 /* Evaluator.swift in Sources */ = {isa = PBXBuildFile; fileRef = A00956361DF8818500F30194 /* Evaluator.swift */; };
		A009563B1DF8818500F30194 /* Lexer.swift in Sources */ = {isa = PBXBuildFile; fileRef = A00956371DF8818500F30194 /* Lexer.swift */; };
		A009563C1DF8818500F30194 /* Parser.swift in Sources */ = {isa = PBXBuildFile; fileRef = A00956381DF8818500F30194 /* Parser.swift */; };
		A009563D1DF8818500F30194 /* TypeResolver.swift in Sources */ = {isa = PBXBuildFile; fileRef = A00956391DF8818500F30194 /* TypeResolver.swift */; };
		A009563F1DF881B700F30194 /* ASTree.swift in Sources */ = {isa = PBXBuildFile; fileRef = A009563E1DF881B700F30194 /* ASTree.swift */; };
		A00956411DF98F5700F30194 /* Task+JSON.swift in Sources */ = {isa = PBXBuildFile; fileRef = A00956401DF98F5700F30194 /* Task+JSON.swift */; };
		A00956431DF98F7700F30194 /* TaskSegment+JSON.swift in Sources */ = {isa = PBXBuildFile; fileRef = A00956421DF98F7700F30194 /* TaskSegment+JSON.swift */; };
		A00956451DF98F9600F30194 /* TaskManState+JSON.swift in Sources */ = {isa = PBXBuildFile; fileRef = A00956441DF98F9600F30194 /* TaskManState+JSON.swift */; };
		A00EBEF71DF5B7D1007D740E /* TaskList.swift in Sources */ = {isa = PBXBuildFile; fileRef = A00EBEF61DF5B7D1007D740E /* TaskList.swift */; };
		A01F93981DF861D60080FF14 /* DateRangeTests.swift in Sources */ = {isa = PBXBuildFile; fileRef = A01F93971DF861D60080FF14 /* DateRangeTests.swift */; };
		A01F939C1DF862440080FF14 /* DateRange.swift in Sources */ = {isa = PBXBuildFile; fileRef = A01F93991DF862030080FF14 /* DateRange.swift */; };
		A01F939D1DF862450080FF14 /* DateRange.swift in Sources */ = {isa = PBXBuildFile; fileRef = A01F93991DF862030080FF14 /* DateRange.swift */; };
		A01F93A21DF8632D0080FF14 /* DateRange+JSON.swift in Sources */ = {isa = PBXBuildFile; fileRef = A01F93A11DF8632D0080FF14 /* DateRange+JSON.swift */; };
		A022571A1D9082630030A28E /* TimelineView.swift in Sources */ = {isa = PBXBuildFile; fileRef = A02257191D9082630030A28E /* TimelineView.swift */; };
		A04B2AEA1E000FDB007F9B9F /* TaskTimelineManager.swift in Sources */ = {isa = PBXBuildFile; fileRef = A04B2AE91E000FDB007F9B9F /* TaskTimelineManager.swift */; };
		A055CC551E01A38E00A997D8 /* TaskManStateConverterTests.swift in Sources */ = {isa = PBXBuildFile; fileRef = A055CC541E01A38E00A997D8 /* TaskManStateConverterTests.swift */; };
		A055CC571E01A45E00A997D8 /* TaskManStateConverter.swift in Sources */ = {isa = PBXBuildFile; fileRef = A055CC561E01A45E00A997D8 /* TaskManStateConverter.swift */; };
		A055CC581E01A47100A997D8 /* TaskManStateConverter.swift in Sources */ = {isa = PBXBuildFile; fileRef = A055CC561E01A45E00A997D8 /* TaskManStateConverter.swift */; };
		A055CC591E01A74200A997D8 /* Constants.swift in Sources */ = {isa = PBXBuildFile; fileRef = A0F7B1071DF73D7400B99E1E /* Constants.swift */; };
		A06330011DF2004E003043A9 /* EditDateRangeViewController.swift in Sources */ = {isa = PBXBuildFile; fileRef = A06330001DF2004E003043A9 /* EditDateRangeViewController.swift */; };
		A0A6B6531DF5C49100F84863 /* ModelObject.swift in Sources */ = {isa = PBXBuildFile; fileRef = A0A6B6501DF5C49100F84863 /* ModelObject.swift */; };
		A0A6B6541DF5C49100F84863 /* IDModelObject.swift in Sources */ = {isa = PBXBuildFile; fileRef = A0A6B6511DF5C49100F84863 /* IDModelObject.swift */; };
		A0A6B6551DF5C49100F84863 /* ModelSerialization.swift in Sources */ = {isa = PBXBuildFile; fileRef = A0A6B6521DF5C49100F84863 /* ModelSerialization.swift */; };
		A0A6B6581DF5C59000F84863 /* SwiftyJSON+Extensions.swift in Sources */ = {isa = PBXBuildFile; fileRef = A0A6B6571DF5C59000F84863 /* SwiftyJSON+Extensions.swift */; };
		A0A6B65A1DF5C60400F84863 /* Utils.swift in Sources */ = {isa = PBXBuildFile; fileRef = A0A6B6591DF5C60400F84863 /* Utils.swift */; };
		A0A6B65C1DF5CB1800F84863 /* DateFormatHelper.swift in Sources */ = {isa = PBXBuildFile; fileRef = A0A6B65B1DF5CB1800F84863 /* DateFormatHelper.swift */; };
		A0A6B65E1DF5D6FF00F84863 /* TaskManState.swift in Sources */ = {isa = PBXBuildFile; fileRef = A0A6B65D1DF5D6FF00F84863 /* TaskManState.swift */; };
		A0A6B6601DF5E98D00F84863 /* CGMath.swift in Sources */ = {isa = PBXBuildFile; fileRef = A0A6B65F1DF5E98D00F84863 /* CGMath.swift */; };
		A0B324461DF5850200308A28 /* EditDateViewController.swift in Sources */ = {isa = PBXBuildFile; fileRef = A0B324451DF5850200308A28 /* EditDateViewController.swift */; };
		A0B324491DF5989B00308A28 /* ChangeSegmentTaskViewController.swift in Sources */ = {isa = PBXBuildFile; fileRef = A0B324471DF5989B00308A28 /* ChangeSegmentTaskViewController.swift */; };
		A0B3244A1DF5989B00308A28 /* ChangeSegmentTaskViewController.xib in Resources */ = {isa = PBXBuildFile; fileRef = A0B324481DF5989B00308A28 /* ChangeSegmentTaskViewController.xib */; };
		A0C6606F1DF70DA40063385B /* TaskManDocument.swift in Sources */ = {isa = PBXBuildFile; fileRef = A0C6606E1DF70DA40063385B /* TaskManDocument.swift */; };
		A0C660711DF716770063385B /* TaskDocumentController.swift in Sources */ = {isa = PBXBuildFile; fileRef = A0C660701DF716770063385B /* TaskDocumentController.swift */; };
		A0F24C101D917DC4001D4536 /* TaskView.xib in Resources */ = {isa = PBXBuildFile; fileRef = A0F24C0F1D917DC4001D4536 /* TaskView.xib */; };
		A0F24C121D917DEA001D4536 /* TaskView.swift in Sources */ = {isa = PBXBuildFile; fileRef = A0F24C111D917DEA001D4536 /* TaskView.swift */; };
		A0F63BBF1E0085D6000D6256 /* TimeCalcWindowController.swift in Sources */ = {isa = PBXBuildFile; fileRef = A0F63BBD1E0085D6000D6256 /* TimeCalcWindowController.swift */; };
		A0F63BC01E0085D6000D6256 /* TimeCalcWindowController.xib in Resources */ = {isa = PBXBuildFile; fileRef = A0F63BBE1E0085D6000D6256 /* TimeCalcWindowController.xib */; };
		A0F7B1081DF73D7400B99E1E /* Constants.swift in Sources */ = {isa = PBXBuildFile; fileRef = A0F7B1071DF73D7400B99E1E /* Constants.swift */; };
		A0FA929B1D8C6F7D00F3916D /* AppDelegate.swift in Sources */ = {isa = PBXBuildFile; fileRef = A0FA929A1D8C6F7D00F3916D /* AppDelegate.swift */; };
		A0FA929D1D8C6F7D00F3916D /* ViewController.swift in Sources */ = {isa = PBXBuildFile; fileRef = A0FA929C1D8C6F7D00F3916D /* ViewController.swift */; };
		A0FA929F1D8C6F7D00F3916D /* Assets.xcassets in Resources */ = {isa = PBXBuildFile; fileRef = A0FA929E1D8C6F7D00F3916D /* Assets.xcassets */; };
		A0FA92A21D8C6F7D00F3916D /* Main.storyboard in Resources */ = {isa = PBXBuildFile; fileRef = A0FA92A01D8C6F7D00F3916D /* Main.storyboard */; };
		A0FA92AD1D8C6F7D00F3916D /* TaskManTests.swift in Sources */ = {isa = PBXBuildFile; fileRef = A0FA92AC1D8C6F7D00F3916D /* TaskManTests.swift */; };
		A0FA92BA1D8C703300F3916D /* Task.swift in Sources */ = {isa = PBXBuildFile; fileRef = A0FA92B91D8C703300F3916D /* Task.swift */; };
		A0FA92BC1D8C70F000F3916D /* TaskController.swift in Sources */ = {isa = PBXBuildFile; fileRef = A0FA92BB1D8C70F000F3916D /* TaskController.swift */; };
		A0FA92BE1D8C73EF00F3916D /* TaskSegment.swift in Sources */ = {isa = PBXBuildFile; fileRef = A0FA92BD1D8C73EF00F3916D /* TaskSegment.swift */; };
/* End PBXBuildFile section */

/* Begin PBXContainerItemProxy section */
		A0FA92A91D8C6F7D00F3916D /* PBXContainerItemProxy */ = {
			isa = PBXContainerItemProxy;
			containerPortal = A0FA928F1D8C6F7C00F3916D /* Project object */;
			proxyType = 1;
			remoteGlobalIDString = A0FA92961D8C6F7C00F3916D;
			remoteInfo = TaskMan;
		};
/* End PBXContainerItemProxy section */

/* Begin PBXFileReference section */
		39BC9A1646B4BE8799AB7D63 /* Pods-TaskManTests.debug.xcconfig */ = {isa = PBXFileReference; includeInIndex = 1; lastKnownFileType = text.xcconfig; name = "Pods-TaskManTests.debug.xcconfig"; path = "Pods/Target Support Files/Pods-TaskManTests/Pods-TaskManTests.debug.xcconfig"; sourceTree = "<group>"; };
		689915F909CD2BA97DD82503 /* Pods-TaskMan.release.xcconfig */ = {isa = PBXFileReference; includeInIndex = 1; lastKnownFileType = text.xcconfig; name = "Pods-TaskMan.release.xcconfig"; path = "Pods/Target Support Files/Pods-TaskMan/Pods-TaskMan.release.xcconfig"; sourceTree = "<group>"; };
		84CB5A7C9F40FD29EF945A3A /* Pods-TaskManTests.release.xcconfig */ = {isa = PBXFileReference; includeInIndex = 1; lastKnownFileType = text.xcconfig; name = "Pods-TaskManTests.release.xcconfig"; path = "Pods/Target Support Files/Pods-TaskManTests/Pods-TaskManTests.release.xcconfig"; sourceTree = "<group>"; };
		9D0FB6488662F63F3EA2316E /* Pods-TaskMan.debug.xcconfig */ = {isa = PBXFileReference; includeInIndex = 1; lastKnownFileType = text.xcconfig; name = "Pods-TaskMan.debug.xcconfig"; path = "Pods/Target Support Files/Pods-TaskMan/Pods-TaskMan.debug.xcconfig"; sourceTree = "<group>"; };
		A00956361DF8818500F30194 /* Evaluator.swift */ = {isa = PBXFileReference; fileEncoding = 4; lastKnownFileType = sourcecode.swift; path = Evaluator.swift; sourceTree = "<group>"; };
		A00956371DF8818500F30194 /* Lexer.swift */ = {isa = PBXFileReference; fileEncoding = 4; lastKnownFileType = sourcecode.swift; path = Lexer.swift; sourceTree = "<group>"; };
		A00956381DF8818500F30194 /* Parser.swift */ = {isa = PBXFileReference; fileEncoding = 4; lastKnownFileType = sourcecode.swift; path = Parser.swift; sourceTree = "<group>"; };
		A00956391DF8818500F30194 /* TypeResolver.swift */ = {isa = PBXFileReference; fileEncoding = 4; lastKnownFileType = sourcecode.swift; path = TypeResolver.swift; sourceTree = "<group>"; };
		A009563E1DF881B700F30194 /* ASTree.swift */ = {isa = PBXFileReference; fileEncoding = 4; lastKnownFileType = sourcecode.swift; path = ASTree.swift; sourceTree = "<group>"; };
		A00956401DF98F5700F30194 /* Task+JSON.swift */ = {isa = PBXFileReference; fileEncoding = 4; lastKnownFileType = sourcecode.swift; path = "Task+JSON.swift"; sourceTree = "<group>"; };
		A00956421DF98F7700F30194 /* TaskSegment+JSON.swift */ = {isa = PBXFileReference; fileEncoding = 4; lastKnownFileType = sourcecode.swift; path = "TaskSegment+JSON.swift"; sourceTree = "<group>"; };
		A00956441DF98F9600F30194 /* TaskManState+JSON.swift */ = {isa = PBXFileReference; fileEncoding = 4; lastKnownFileType = sourcecode.swift; path = "TaskManState+JSON.swift"; sourceTree = "<group>"; };
		A00EBEF61DF5B7D1007D740E /* TaskList.swift */ = {isa = PBXFileReference; fileEncoding = 4; lastKnownFileType = sourcecode.swift; path = TaskList.swift; sourceTree = "<group>"; };
		A01F93971DF861D60080FF14 /* DateRangeTests.swift */ = {isa = PBXFileReference; fileEncoding = 4; lastKnownFileType = sourcecode.swift; path = DateRangeTests.swift; sourceTree = "<group>"; };
		A01F93991DF862030080FF14 /* DateRange.swift */ = {isa = PBXFileReference; fileEncoding = 4; lastKnownFileType = sourcecode.swift; path = DateRange.swift; sourceTree = "<group>"; };
		A01F93A11DF8632D0080FF14 /* DateRange+JSON.swift */ = {isa = PBXFileReference; fileEncoding = 4; lastKnownFileType = sourcecode.swift; path = "DateRange+JSON.swift"; sourceTree = "<group>"; };
		A02257191D9082630030A28E /* TimelineView.swift */ = {isa = PBXFileReference; fileEncoding = 4; lastKnownFileType = sourcecode.swift; path = TimelineView.swift; sourceTree = "<group>"; };
		A04B2AE91E000FDB007F9B9F /* TaskTimelineManager.swift */ = {isa = PBXFileReference; fileEncoding = 4; lastKnownFileType = sourcecode.swift; path = TaskTimelineManager.swift; sourceTree = "<group>"; };
		A055CC541E01A38E00A997D8 /* TaskManStateConverterTests.swift */ = {isa = PBXFileReference; fileEncoding = 4; lastKnownFileType = sourcecode.swift; path = TaskManStateConverterTests.swift; sourceTree = "<group>"; };
		A055CC561E01A45E00A997D8 /* TaskManStateConverter.swift */ = {isa = PBXFileReference; fileEncoding = 4; lastKnownFileType = sourcecode.swift; path = TaskManStateConverter.swift; sourceTree = "<group>"; };
		A06330001DF2004E003043A9 /* EditDateRangeViewController.swift */ = {isa = PBXFileReference; fileEncoding = 4; lastKnownFileType = sourcecode.swift; path = EditDateRangeViewController.swift; sourceTree = "<group>"; };
		A0A6B6501DF5C49100F84863 /* ModelObject.swift */ = {isa = PBXFileReference; fileEncoding = 4; lastKnownFileType = sourcecode.swift; path = ModelObject.swift; sourceTree = "<group>"; };
		A0A6B6511DF5C49100F84863 /* IDModelObject.swift */ = {isa = PBXFileReference; fileEncoding = 4; lastKnownFileType = sourcecode.swift; path = IDModelObject.swift; sourceTree = "<group>"; };
		A0A6B6521DF5C49100F84863 /* ModelSerialization.swift */ = {isa = PBXFileReference; fileEncoding = 4; lastKnownFileType = sourcecode.swift; path = ModelSerialization.swift; sourceTree = "<group>"; };
		A0A6B6571DF5C59000F84863 /* SwiftyJSON+Extensions.swift */ = {isa = PBXFileReference; fileEncoding = 4; lastKnownFileType = sourcecode.swift; path = "SwiftyJSON+Extensions.swift"; sourceTree = "<group>"; };
		A0A6B6591DF5C60400F84863 /* Utils.swift */ = {isa = PBXFileReference; fileEncoding = 4; lastKnownFileType = sourcecode.swift; path = Utils.swift; sourceTree = "<group>"; };
		A0A6B65B1DF5CB1800F84863 /* DateFormatHelper.swift */ = {isa = PBXFileReference; fileEncoding = 4; lastKnownFileType = sourcecode.swift; path = DateFormatHelper.swift; sourceTree = "<group>"; };
		A0A6B65D1DF5D6FF00F84863 /* TaskManState.swift */ = {isa = PBXFileReference; fileEncoding = 4; lastKnownFileType = sourcecode.swift; path = TaskManState.swift; sourceTree = "<group>"; };
		A0A6B65F1DF5E98D00F84863 /* CGMath.swift */ = {isa = PBXFileReference; fileEncoding = 4; lastKnownFileType = sourcecode.swift; path = CGMath.swift; sourceTree = "<group>"; };
		A0B324451DF5850200308A28 /* EditDateViewController.swift */ = {isa = PBXFileReference; fileEncoding = 4; lastKnownFileType = sourcecode.swift; path = EditDateViewController.swift; sourceTree = "<group>"; };
		A0B324471DF5989B00308A28 /* ChangeSegmentTaskViewController.swift */ = {isa = PBXFileReference; fileEncoding = 4; lastKnownFileType = sourcecode.swift; path = ChangeSegmentTaskViewController.swift; sourceTree = "<group>"; };
		A0B324481DF5989B00308A28 /* ChangeSegmentTaskViewController.xib */ = {isa = PBXFileReference; fileEncoding = 4; lastKnownFileType = file.xib; path = ChangeSegmentTaskViewController.xib; sourceTree = "<group>"; };
		A0B3244E1DF59F7500308A28 /* CoreData.framework */ = {isa = PBXFileReference; lastKnownFileType = wrapper.framework; name = CoreData.framework; path = System/Library/Frameworks/CoreData.framework; sourceTree = SDKROOT; };
		A0C6606E1DF70DA40063385B /* TaskManDocument.swift */ = {isa = PBXFileReference; fileEncoding = 4; lastKnownFileType = sourcecode.swift; path = TaskManDocument.swift; sourceTree = "<group>"; };
		A0C660701DF716770063385B /* TaskDocumentController.swift */ = {isa = PBXFileReference; fileEncoding = 4; lastKnownFileType = sourcecode.swift; path = TaskDocumentController.swift; sourceTree = "<group>"; };
		A0F24C0F1D917DC4001D4536 /* TaskView.xib */ = {isa = PBXFileReference; fileEncoding = 4; lastKnownFileType = file.xib; path = TaskView.xib; sourceTree = "<group>"; };
		A0F24C111D917DEA001D4536 /* TaskView.swift */ = {isa = PBXFileReference; fileEncoding = 4; lastKnownFileType = sourcecode.swift; path = TaskView.swift; sourceTree = "<group>"; };
		A0F63BBD1E0085D6000D6256 /* TimeCalcWindowController.swift */ = {isa = PBXFileReference; fileEncoding = 4; lastKnownFileType = sourcecode.swift; path = TimeCalcWindowController.swift; sourceTree = "<group>"; };
		A0F63BBE1E0085D6000D6256 /* TimeCalcWindowController.xib */ = {isa = PBXFileReference; fileEncoding = 4; lastKnownFileType = file.xib; path = TimeCalcWindowController.xib; sourceTree = "<group>"; };
		A0F7B1071DF73D7400B99E1E /* Constants.swift */ = {isa = PBXFileReference; fileEncoding = 4; lastKnownFileType = sourcecode.swift; path = Constants.swift; sourceTree = "<group>"; };
		A0FA92971D8C6F7D00F3916D /* TaskMan.app */ = {isa = PBXFileReference; explicitFileType = wrapper.application; includeInIndex = 0; path = TaskMan.app; sourceTree = BUILT_PRODUCTS_DIR; };
		A0FA929A1D8C6F7D00F3916D /* AppDelegate.swift */ = {isa = PBXFileReference; lastKnownFileType = sourcecode.swift; path = AppDelegate.swift; sourceTree = "<group>"; };
		A0FA929C1D8C6F7D00F3916D /* ViewController.swift */ = {isa = PBXFileReference; lastKnownFileType = sourcecode.swift; path = ViewController.swift; sourceTree = "<group>"; };
		A0FA929E1D8C6F7D00F3916D /* Assets.xcassets */ = {isa = PBXFileReference; lastKnownFileType = folder.assetcatalog; path = Assets.xcassets; sourceTree = "<group>"; };
		A0FA92A11D8C6F7D00F3916D /* Base */ = {isa = PBXFileReference; lastKnownFileType = file.storyboard; name = Base; path = Base.lproj/Main.storyboard; sourceTree = "<group>"; };
		A0FA92A31D8C6F7D00F3916D /* Info.plist */ = {isa = PBXFileReference; lastKnownFileType = text.plist.xml; path = Info.plist; sourceTree = "<group>"; };
		A0FA92A81D8C6F7D00F3916D /* TaskManTests.xctest */ = {isa = PBXFileReference; explicitFileType = wrapper.cfbundle; includeInIndex = 0; path = TaskManTests.xctest; sourceTree = BUILT_PRODUCTS_DIR; };
		A0FA92AC1D8C6F7D00F3916D /* TaskManTests.swift */ = {isa = PBXFileReference; lastKnownFileType = sourcecode.swift; path = TaskManTests.swift; sourceTree = "<group>"; };
		A0FA92AE1D8C6F7D00F3916D /* Info.plist */ = {isa = PBXFileReference; lastKnownFileType = text.plist.xml; path = Info.plist; sourceTree = "<group>"; };
		A0FA92B91D8C703300F3916D /* Task.swift */ = {isa = PBXFileReference; fileEncoding = 4; lastKnownFileType = sourcecode.swift; path = Task.swift; sourceTree = "<group>"; };
		A0FA92BB1D8C70F000F3916D /* TaskController.swift */ = {isa = PBXFileReference; fileEncoding = 4; lastKnownFileType = sourcecode.swift; path = TaskController.swift; sourceTree = "<group>"; };
		A0FA92BD1D8C73EF00F3916D /* TaskSegment.swift */ = {isa = PBXFileReference; fileEncoding = 4; lastKnownFileType = sourcecode.swift; path = TaskSegment.swift; sourceTree = "<group>"; };
		D7C1D5DB353173562033B8F9 /* Pods_TaskManTests.framework */ = {isa = PBXFileReference; explicitFileType = wrapper.framework; includeInIndex = 0; path = Pods_TaskManTests.framework; sourceTree = BUILT_PRODUCTS_DIR; };
		F76BB6A340D7B7ADE9042579 /* Pods_TaskMan.framework */ = {isa = PBXFileReference; explicitFileType = wrapper.framework; includeInIndex = 0; path = Pods_TaskMan.framework; sourceTree = BUILT_PRODUCTS_DIR; };
/* End PBXFileReference section */

/* Begin PBXFrameworksBuildPhase section */
		A0FA92941D8C6F7C00F3916D /* Frameworks */ = {
			isa = PBXFrameworksBuildPhase;
			buildActionMask = 2147483647;
			files = (
				454BAC9AC924538CE006F78A /* Pods_TaskMan.framework in Frameworks */,
			);
			runOnlyForDeploymentPostprocessing = 0;
		};
		A0FA92A51D8C6F7D00F3916D /* Frameworks */ = {
			isa = PBXFrameworksBuildPhase;
			buildActionMask = 2147483647;
			files = (
				6E943298542E0BBD29F8D930 /* Pods_TaskManTests.framework in Frameworks */,
			);
			runOnlyForDeploymentPostprocessing = 0;
		};
/* End PBXFrameworksBuildPhase section */

/* Begin PBXGroup section */
		6345D0CC96C2410DC2469F5D /* Pods */ = {
			isa = PBXGroup;
			children = (
				9D0FB6488662F63F3EA2316E /* Pods-TaskMan.debug.xcconfig */,
				689915F909CD2BA97DD82503 /* Pods-TaskMan.release.xcconfig */,
				39BC9A1646B4BE8799AB7D63 /* Pods-TaskManTests.debug.xcconfig */,
				84CB5A7C9F40FD29EF945A3A /* Pods-TaskManTests.release.xcconfig */,
			);
			name = Pods;
			sourceTree = "<group>";
		};
		A00956351DF8817C00F30194 /* TimeCalc */ = {
			isa = PBXGroup;
			children = (
				A009563E1DF881B700F30194 /* ASTree.swift */,
				A00956361DF8818500F30194 /* Evaluator.swift */,
				A00956371DF8818500F30194 /* Lexer.swift */,
				A00956381DF8818500F30194 /* Parser.swift */,
				A00956391DF8818500F30194 /* TypeResolver.swift */,
			);
			name = TimeCalc;
			sourceTree = "<group>";
		};
		A00956461DF98FAB00F30194 /* Serialization */ = {
			isa = PBXGroup;
			children = (
				A00956401DF98F5700F30194 /* Task+JSON.swift */,
				A00956421DF98F7700F30194 /* TaskSegment+JSON.swift */,
				A00956441DF98F9600F30194 /* TaskManState+JSON.swift */,
				A01F93A11DF8632D0080FF14 /* DateRange+JSON.swift */,
			);
			name = Serialization;
			sourceTree = "<group>";
		};
		A02257181D9082560030A28E /* View */ = {
			isa = PBXGroup;
			children = (
				A02257191D9082630030A28E /* TimelineView.swift */,
				A0F24C0F1D917DC4001D4536 /* TaskView.xib */,
				A0F24C111D917DEA001D4536 /* TaskView.swift */,
			);
			name = View;
			sourceTree = "<group>";
		};
		A0632FFF1DF20032003043A9 /* ViewControllers */ = {
			isa = PBXGroup;
			children = (
				A0FA929C1D8C6F7D00F3916D /* ViewController.swift */,
				A06330001DF2004E003043A9 /* EditDateRangeViewController.swift */,
				A0B324451DF5850200308A28 /* EditDateViewController.swift */,
				A0B324471DF5989B00308A28 /* ChangeSegmentTaskViewController.swift */,
				A0B324481DF5989B00308A28 /* ChangeSegmentTaskViewController.xib */,
				A0F63BBD1E0085D6000D6256 /* TimeCalcWindowController.swift */,
				A0F63BBE1E0085D6000D6256 /* TimeCalcWindowController.xib */,
			);
			name = ViewControllers;
			sourceTree = "<group>";
		};
		A0A6B64F1DF5C48700F84863 /* Base */ = {
			isa = PBXGroup;
			children = (
				A0A6B6501DF5C49100F84863 /* ModelObject.swift */,
				A0A6B6511DF5C49100F84863 /* IDModelObject.swift */,
				A0A6B6521DF5C49100F84863 /* ModelSerialization.swift */,
			);
			name = Base;
			sourceTree = "<group>";
		};
		A0A6B6561DF5C57800F84863 /* Extensions */ = {
			isa = PBXGroup;
			children = (
				A0A6B65B1DF5CB1800F84863 /* DateFormatHelper.swift */,
				A0A6B6591DF5C60400F84863 /* Utils.swift */,
				A0A6B6571DF5C59000F84863 /* SwiftyJSON+Extensions.swift */,
				A0A6B65F1DF5E98D00F84863 /* CGMath.swift */,
			);
			name = Extensions;
			sourceTree = "<group>";
		};
		A0B3244D1DF59F7500308A28 /* Frameworks */ = {
			isa = PBXGroup;
			children = (
				A0B3244E1DF59F7500308A28 /* CoreData.framework */,
				F76BB6A340D7B7ADE9042579 /* Pods_TaskMan.framework */,
				D7C1D5DB353173562033B8F9 /* Pods_TaskManTests.framework */,
			);
			name = Frameworks;
			sourceTree = "<group>";
		};
		A0FA928E1D8C6F7C00F3916D = {
			isa = PBXGroup;
			children = (
				A0FA92991D8C6F7D00F3916D /* TaskMan */,
				A0FA92AB1D8C6F7D00F3916D /* TaskManTests */,
				A0FA92981D8C6F7D00F3916D /* Products */,
				A0B3244D1DF59F7500308A28 /* Frameworks */,
				6345D0CC96C2410DC2469F5D /* Pods */,
			);
			sourceTree = "<group>";
		};
		A0FA92981D8C6F7D00F3916D /* Products */ = {
			isa = PBXGroup;
			children = (
				A0FA92971D8C6F7D00F3916D /* TaskMan.app */,
				A0FA92A81D8C6F7D00F3916D /* TaskManTests.xctest */,
			);
			name = Products;
			sourceTree = "<group>";
		};
		A0FA92991D8C6F7D00F3916D /* TaskMan */ = {
			isa = PBXGroup;
			children = (
				A00956351DF8817C00F30194 /* TimeCalc */,
				A0A6B6561DF5C57800F84863 /* Extensions */,
				A02257181D9082560030A28E /* View */,
				A0FA92B81D8C702800F3916D /* Model */,
				A0FA92B71D8C702200F3916D /* Controller */,
				A0632FFF1DF20032003043A9 /* ViewControllers */,
				A0F7B1071DF73D7400B99E1E /* Constants.swift */,
				A0FA929A1D8C6F7D00F3916D /* AppDelegate.swift */,
				A0FA929E1D8C6F7D00F3916D /* Assets.xcassets */,
				A0FA92A01D8C6F7D00F3916D /* Main.storyboard */,
				A0FA92A31D8C6F7D00F3916D /* Info.plist */,
			);
			path = TaskMan;
			sourceTree = "<group>";
		};
		A0FA92AB1D8C6F7D00F3916D /* TaskManTests */ = {
			isa = PBXGroup;
			children = (
				A0FA92AC1D8C6F7D00F3916D /* TaskManTests.swift */,
				A01F93971DF861D60080FF14 /* DateRangeTests.swift */,
				A055CC541E01A38E00A997D8 /* TaskManStateConverterTests.swift */,
				A0FA92AE1D8C6F7D00F3916D /* Info.plist */,
			);
			path = TaskManTests;
			sourceTree = "<group>";
		};
		A0FA92B71D8C702200F3916D /* Controller */ = {
			isa = PBXGroup;
			children = (
				A0FA92BB1D8C70F000F3916D /* TaskController.swift */,
				A04B2AE91E000FDB007F9B9F /* TaskTimelineManager.swift */,
				A0C660701DF716770063385B /* TaskDocumentController.swift */,
			);
			name = Controller;
			sourceTree = "<group>";
		};
		A0FA92B81D8C702800F3916D /* Model */ = {
			isa = PBXGroup;
			children = (
				A0A6B64F1DF5C48700F84863 /* Base */,
				A00956461DF98FAB00F30194 /* Serialization */,
				A00EBEF61DF5B7D1007D740E /* TaskList.swift */,
				A0FA92B91D8C703300F3916D /* Task.swift */,
				A0FA92BD1D8C73EF00F3916D /* TaskSegment.swift */,
				A0A6B65D1DF5D6FF00F84863 /* TaskManState.swift */,
				A01F93991DF862030080FF14 /* DateRange.swift */,
				A0C6606E1DF70DA40063385B /* TaskManDocument.swift */,
				A055CC561E01A45E00A997D8 /* TaskManStateConverter.swift */,
			);
			name = Model;
			sourceTree = "<group>";
		};
/* End PBXGroup section */

/* Begin PBXNativeTarget section */
		A0FA92961D8C6F7C00F3916D /* TaskMan */ = {
			isa = PBXNativeTarget;
			buildConfigurationList = A0FA92B11D8C6F7D00F3916D /* Build configuration list for PBXNativeTarget "TaskMan" */;
			buildPhases = (
				E05B008C48EE5E48F25766BB /* [CP] Check Pods Manifest.lock */,
				A0FA92931D8C6F7C00F3916D /* Sources */,
				A0FA92941D8C6F7C00F3916D /* Frameworks */,
				A0FA92951D8C6F7C00F3916D /* Resources */,
				BF93E37C99E585E1C6B0DE5E /* [CP] Embed Pods Frameworks */,
				1DBF598ADE039AA6C54213A8 /* [CP] Copy Pods Resources */,
			);
			buildRules = (
			);
			dependencies = (
			);
			name = TaskMan;
			productName = TaskMan;
			productReference = A0FA92971D8C6F7D00F3916D /* TaskMan.app */;
			productType = "com.apple.product-type.application";
		};
		A0FA92A71D8C6F7D00F3916D /* TaskManTests */ = {
			isa = PBXNativeTarget;
			buildConfigurationList = A0FA92B41D8C6F7D00F3916D /* Build configuration list for PBXNativeTarget "TaskManTests" */;
			buildPhases = (
				E0E2907309A8AEE04426827C /* [CP] Check Pods Manifest.lock */,
				A0FA92A41D8C6F7D00F3916D /* Sources */,
				A0FA92A51D8C6F7D00F3916D /* Frameworks */,
				A0FA92A61D8C6F7D00F3916D /* Resources */,
				7DEFA494DCE07463E4864309 /* [CP] Embed Pods Frameworks */,
				8D46A74F88384956042AB78A /* [CP] Copy Pods Resources */,
			);
			buildRules = (
			);
			dependencies = (
				A0FA92AA1D8C6F7D00F3916D /* PBXTargetDependency */,
			);
			name = TaskManTests;
			productName = TaskManTests;
			productReference = A0FA92A81D8C6F7D00F3916D /* TaskManTests.xctest */;
			productType = "com.apple.product-type.bundle.unit-test";
		};
/* End PBXNativeTarget section */

/* Begin PBXProject section */
		A0FA928F1D8C6F7C00F3916D /* Project object */ = {
			isa = PBXProject;
			attributes = {
				LastSwiftUpdateCheck = 0800;
				LastUpgradeCheck = 0810;
				ORGANIZATIONNAME = "Luiz Fernando Silva";
				TargetAttributes = {
					A0FA92961D8C6F7C00F3916D = {
						CreatedOnToolsVersion = 8.0;
						LastSwiftMigration = 0810;
						ProvisioningStyle = Automatic;
					};
					A0FA92A71D8C6F7D00F3916D = {
						CreatedOnToolsVersion = 8.0;
						ProvisioningStyle = Automatic;
						TestTargetID = A0FA92961D8C6F7C00F3916D;
					};
				};
			};
			buildConfigurationList = A0FA92921D8C6F7C00F3916D /* Build configuration list for PBXProject "TaskMan" */;
			compatibilityVersion = "Xcode 3.2";
			developmentRegion = English;
			hasScannedForEncodings = 0;
			knownRegions = (
				en,
				Base,
			);
			mainGroup = A0FA928E1D8C6F7C00F3916D;
			productRefGroup = A0FA92981D8C6F7D00F3916D /* Products */;
			projectDirPath = "";
			projectRoot = "";
			targets = (
				A0FA92961D8C6F7C00F3916D /* TaskMan */,
				A0FA92A71D8C6F7D00F3916D /* TaskManTests */,
			);
		};
/* End PBXProject section */

/* Begin PBXResourcesBuildPhase section */
		A0FA92951D8C6F7C00F3916D /* Resources */ = {
			isa = PBXResourcesBuildPhase;
			buildActionMask = 2147483647;
			files = (
				A0FA929F1D8C6F7D00F3916D /* Assets.xcassets in Resources */,
				A0FA92A21D8C6F7D00F3916D /* Main.storyboard in Resources */,
				A0F24C101D917DC4001D4536 /* TaskView.xib in Resources */,
				A0F63BC01E0085D6000D6256 /* TimeCalcWindowController.xib in Resources */,
				A0B3244A1DF5989B00308A28 /* ChangeSegmentTaskViewController.xib in Resources */,
			);
			runOnlyForDeploymentPostprocessing = 0;
		};
		A0FA92A61D8C6F7D00F3916D /* Resources */ = {
			isa = PBXResourcesBuildPhase;
			buildActionMask = 2147483647;
			files = (
			);
			runOnlyForDeploymentPostprocessing = 0;
		};
/* End PBXResourcesBuildPhase section */

/* Begin PBXShellScriptBuildPhase section */
		1DBF598ADE039AA6C54213A8 /* [CP] Copy Pods Resources */ = {
			isa = PBXShellScriptBuildPhase;
			buildActionMask = 2147483647;
			files = (
			);
			inputPaths = (
			);
			name = "[CP] Copy Pods Resources";
			outputPaths = (
			);
			runOnlyForDeploymentPostprocessing = 0;
			shellPath = /bin/sh;
			shellScript = "\"${SRCROOT}/Pods/Target Support Files/Pods-TaskMan/Pods-TaskMan-resources.sh\"\n";
			showEnvVarsInLog = 0;
		};
		7DEFA494DCE07463E4864309 /* [CP] Embed Pods Frameworks */ = {
			isa = PBXShellScriptBuildPhase;
			buildActionMask = 2147483647;
			files = (
			);
			inputPaths = (
			);
			name = "[CP] Embed Pods Frameworks";
			outputPaths = (
			);
			runOnlyForDeploymentPostprocessing = 0;
			shellPath = /bin/sh;
			shellScript = "\"${SRCROOT}/Pods/Target Support Files/Pods-TaskManTests/Pods-TaskManTests-frameworks.sh\"\n";
			showEnvVarsInLog = 0;
		};
		8D46A74F88384956042AB78A /* [CP] Copy Pods Resources */ = {
			isa = PBXShellScriptBuildPhase;
			buildActionMask = 2147483647;
			files = (
			);
			inputPaths = (
			);
			name = "[CP] Copy Pods Resources";
			outputPaths = (
			);
			runOnlyForDeploymentPostprocessing = 0;
			shellPath = /bin/sh;
			shellScript = "\"${SRCROOT}/Pods/Target Support Files/Pods-TaskManTests/Pods-TaskManTests-resources.sh\"\n";
			showEnvVarsInLog = 0;
		};
		BF93E37C99E585E1C6B0DE5E /* [CP] Embed Pods Frameworks */ = {
			isa = PBXShellScriptBuildPhase;
			buildActionMask = 2147483647;
			files = (
			);
			inputPaths = (
			);
			name = "[CP] Embed Pods Frameworks";
			outputPaths = (
			);
			runOnlyForDeploymentPostprocessing = 0;
			shellPath = /bin/sh;
			shellScript = "\"${SRCROOT}/Pods/Target Support Files/Pods-TaskMan/Pods-TaskMan-frameworks.sh\"\n";
			showEnvVarsInLog = 0;
		};
		E05B008C48EE5E48F25766BB /* [CP] Check Pods Manifest.lock */ = {
			isa = PBXShellScriptBuildPhase;
			buildActionMask = 2147483647;
			files = (
			);
			inputPaths = (
			);
			name = "[CP] Check Pods Manifest.lock";
			outputPaths = (
			);
			runOnlyForDeploymentPostprocessing = 0;
			shellPath = /bin/sh;
			shellScript = "diff \"${PODS_ROOT}/../Podfile.lock\" \"${PODS_ROOT}/Manifest.lock\" > /dev/null\nif [ $? != 0 ] ; then\n    # print error to STDERR\n    echo \"error: The sandbox is not in sync with the Podfile.lock. Run 'pod install' or update your CocoaPods installation.\" >&2\n    exit 1\nfi\n";
			showEnvVarsInLog = 0;
		};
		E0E2907309A8AEE04426827C /* [CP] Check Pods Manifest.lock */ = {
			isa = PBXShellScriptBuildPhase;
			buildActionMask = 2147483647;
			files = (
			);
			inputPaths = (
			);
			name = "[CP] Check Pods Manifest.lock";
			outputPaths = (
			);
			runOnlyForDeploymentPostprocessing = 0;
			shellPath = /bin/sh;
			shellScript = "diff \"${PODS_ROOT}/../Podfile.lock\" \"${PODS_ROOT}/Manifest.lock\" > /dev/null\nif [ $? != 0 ] ; then\n    # print error to STDERR\n    echo \"error: The sandbox is not in sync with the Podfile.lock. Run 'pod install' or update your CocoaPods installation.\" >&2\n    exit 1\nfi\n";
			showEnvVarsInLog = 0;
		};
/* End PBXShellScriptBuildPhase section */

/* Begin PBXSourcesBuildPhase section */
		A0FA92931D8C6F7C00F3916D /* Sources */ = {
			isa = PBXSourcesBuildPhase;
			buildActionMask = 2147483647;
			files = (
				A0A6B6581DF5C59000F84863 /* SwiftyJSON+Extensions.swift in Sources */,
				A0FA929D1D8C6F7D00F3916D /* ViewController.swift in Sources */,
				A0A6B6601DF5E98D00F84863 /* CGMath.swift in Sources */,
				A009563F1DF881B700F30194 /* ASTree.swift in Sources */,
				A0F24C121D917DEA001D4536 /* TaskView.swift in Sources */,
				A01F939C1DF862440080FF14 /* DateRange.swift in Sources */,
				A055CC571E01A45E00A997D8 /* TaskManStateConverter.swift in Sources */,
				A009563A1DF8818500F30194 /* Evaluator.swift in Sources */,
				A00956451DF98F9600F30194 /* TaskManState+JSON.swift in Sources */,
				A0C660711DF716770063385B /* TaskDocumentController.swift in Sources */,
				A00956411DF98F5700F30194 /* Task+JSON.swift in Sources */,
				A0A6B6551DF5C49100F84863 /* ModelSerialization.swift in Sources */,
				A022571A1D9082630030A28E /* TimelineView.swift in Sources */,
				A009563D1DF8818500F30194 /* TypeResolver.swift in Sources */,
				A0B324491DF5989B00308A28 /* ChangeSegmentTaskViewController.swift in Sources */,
				A0FA92BE1D8C73EF00F3916D /* TaskSegment.swift in Sources */,
				A0A6B65E1DF5D6FF00F84863 /* TaskManState.swift in Sources */,
				A06330011DF2004E003043A9 /* EditDateRangeViewController.swift in Sources */,
				A0C6606F1DF70DA40063385B /* TaskManDocument.swift in Sources */,
				A0FA92BA1D8C703300F3916D /* Task.swift in Sources */,
				A00EBEF71DF5B7D1007D740E /* TaskList.swift in Sources */,
				A0A6B6531DF5C49100F84863 /* ModelObject.swift in Sources */,
				A0A6B65A1DF5C60400F84863 /* Utils.swift in Sources */,
				A0FA92BC1D8C70F000F3916D /* TaskController.swift in Sources */,
				A01F93A21DF8632D0080FF14 /* DateRange+JSON.swift in Sources */,
				A009563B1DF8818500F30194 /* Lexer.swift in Sources */,
				A00956431DF98F7700F30194 /* TaskSegment+JSON.swift in Sources */,
				A0FA929B1D8C6F7D00F3916D /* AppDelegate.swift in Sources */,
				A0B324461DF5850200308A28 /* EditDateViewController.swift in Sources */,
				A009563C1DF8818500F30194 /* Parser.swift in Sources */,
				A0A6B65C1DF5CB1800F84863 /* DateFormatHelper.swift in Sources */,
				A04B2AEA1E000FDB007F9B9F /* TaskTimelineManager.swift in Sources */,
				A0F63BBF1E0085D6000D6256 /* TimeCalcWindowController.swift in Sources */,
				A0A6B6541DF5C49100F84863 /* IDModelObject.swift in Sources */,
				A0F7B1081DF73D7400B99E1E /* Constants.swift in Sources */,
			);
			runOnlyForDeploymentPostprocessing = 0;
		};
		A0FA92A41D8C6F7D00F3916D /* Sources */ = {
			isa = PBXSourcesBuildPhase;
			buildActionMask = 2147483647;
			files = (
				A055CC551E01A38E00A997D8 /* TaskManStateConverterTests.swift in Sources */,
				A055CC581E01A47100A997D8 /* TaskManStateConverter.swift in Sources */,
				A0FA92AD1D8C6F7D00F3916D /* TaskManTests.swift in Sources */,
				A01F93981DF861D60080FF14 /* DateRangeTests.swift in Sources */,
				A01F939D1DF862450080FF14 /* DateRange.swift in Sources */,
				A055CC591E01A74200A997D8 /* Constants.swift in Sources */,
			);
			runOnlyForDeploymentPostprocessing = 0;
		};
/* End PBXSourcesBuildPhase section */

/* Begin PBXTargetDependency section */
		A0FA92AA1D8C6F7D00F3916D /* PBXTargetDependency */ = {
			isa = PBXTargetDependency;
			target = A0FA92961D8C6F7C00F3916D /* TaskMan */;
			targetProxy = A0FA92A91D8C6F7D00F3916D /* PBXContainerItemProxy */;
		};
/* End PBXTargetDependency section */

/* Begin PBXVariantGroup section */
		A0FA92A01D8C6F7D00F3916D /* Main.storyboard */ = {
			isa = PBXVariantGroup;
			children = (
				A0FA92A11D8C6F7D00F3916D /* Base */,
			);
			name = Main.storyboard;
			sourceTree = "<group>";
		};
/* End PBXVariantGroup section */

/* Begin XCBuildConfiguration section */
		A0FA92AF1D8C6F7D00F3916D /* Debug */ = {
			isa = XCBuildConfiguration;
			buildSettings = {
				ALWAYS_SEARCH_USER_PATHS = NO;
				CLANG_ANALYZER_NONNULL = YES;
				CLANG_CXX_LANGUAGE_STANDARD = "gnu++0x";
				CLANG_CXX_LIBRARY = "libc++";
				CLANG_ENABLE_MODULES = YES;
				CLANG_ENABLE_OBJC_ARC = YES;
				CLANG_WARN_BOOL_CONVERSION = YES;
				CLANG_WARN_CONSTANT_CONVERSION = YES;
				CLANG_WARN_DIRECT_OBJC_ISA_USAGE = YES_ERROR;
				CLANG_WARN_DOCUMENTATION_COMMENTS = YES;
				CLANG_WARN_EMPTY_BODY = YES;
				CLANG_WARN_ENUM_CONVERSION = YES;
				CLANG_WARN_INFINITE_RECURSION = YES;
				CLANG_WARN_INT_CONVERSION = YES;
				CLANG_WARN_OBJC_ROOT_CLASS = YES_ERROR;
				CLANG_WARN_SUSPICIOUS_MOVE = YES;
				CLANG_WARN_SUSPICIOUS_MOVES = YES;
				CLANG_WARN_UNREACHABLE_CODE = YES;
				CLANG_WARN__DUPLICATE_METHOD_MATCH = YES;
				CODE_SIGN_IDENTITY = "-";
				COPY_PHASE_STRIP = NO;
				DEBUG_INFORMATION_FORMAT = dwarf;
				ENABLE_STRICT_OBJC_MSGSEND = YES;
				ENABLE_TESTABILITY = YES;
				GCC_C_LANGUAGE_STANDARD = gnu99;
				GCC_DYNAMIC_NO_PIC = NO;
				GCC_NO_COMMON_BLOCKS = YES;
				GCC_OPTIMIZATION_LEVEL = 0;
				GCC_PREPROCESSOR_DEFINITIONS = (
					"DEBUG=1",
					"$(inherited)",
				);
				GCC_WARN_64_TO_32_BIT_CONVERSION = YES;
				GCC_WARN_ABOUT_RETURN_TYPE = YES_ERROR;
				GCC_WARN_UNDECLARED_SELECTOR = YES;
				GCC_WARN_UNINITIALIZED_AUTOS = YES_AGGRESSIVE;
				GCC_WARN_UNUSED_FUNCTION = YES;
				GCC_WARN_UNUSED_VARIABLE = YES;
				MACOSX_DEPLOYMENT_TARGET = 10.11;
				MTL_ENABLE_DEBUG_INFO = YES;
				ONLY_ACTIVE_ARCH = YES;
				SDKROOT = macosx;
				SWIFT_ACTIVE_COMPILATION_CONDITIONS = DEBUG;
				SWIFT_OPTIMIZATION_LEVEL = "-Onone";
			};
			name = Debug;
		};
		A0FA92B01D8C6F7D00F3916D /* Release */ = {
			isa = XCBuildConfiguration;
			buildSettings = {
				ALWAYS_SEARCH_USER_PATHS = NO;
				CLANG_ANALYZER_NONNULL = YES;
				CLANG_CXX_LANGUAGE_STANDARD = "gnu++0x";
				CLANG_CXX_LIBRARY = "libc++";
				CLANG_ENABLE_MODULES = YES;
				CLANG_ENABLE_OBJC_ARC = YES;
				CLANG_WARN_BOOL_CONVERSION = YES;
				CLANG_WARN_CONSTANT_CONVERSION = YES;
				CLANG_WARN_DIRECT_OBJC_ISA_USAGE = YES_ERROR;
				CLANG_WARN_DOCUMENTATION_COMMENTS = YES;
				CLANG_WARN_EMPTY_BODY = YES;
				CLANG_WARN_ENUM_CONVERSION = YES;
				CLANG_WARN_INFINITE_RECURSION = YES;
				CLANG_WARN_INT_CONVERSION = YES;
				CLANG_WARN_OBJC_ROOT_CLASS = YES_ERROR;
				CLANG_WARN_SUSPICIOUS_MOVE = YES;
				CLANG_WARN_SUSPICIOUS_MOVES = YES;
				CLANG_WARN_UNREACHABLE_CODE = YES;
				CLANG_WARN__DUPLICATE_METHOD_MATCH = YES;
				CODE_SIGN_IDENTITY = "-";
				COPY_PHASE_STRIP = NO;
				DEBUG_INFORMATION_FORMAT = "dwarf-with-dsym";
				ENABLE_NS_ASSERTIONS = NO;
				ENABLE_STRICT_OBJC_MSGSEND = YES;
				GCC_C_LANGUAGE_STANDARD = gnu99;
				GCC_NO_COMMON_BLOCKS = YES;
				GCC_WARN_64_TO_32_BIT_CONVERSION = YES;
				GCC_WARN_ABOUT_RETURN_TYPE = YES_ERROR;
				GCC_WARN_UNDECLARED_SELECTOR = YES;
				GCC_WARN_UNINITIALIZED_AUTOS = YES_AGGRESSIVE;
				GCC_WARN_UNUSED_FUNCTION = YES;
				GCC_WARN_UNUSED_VARIABLE = YES;
				MACOSX_DEPLOYMENT_TARGET = 10.11;
				MTL_ENABLE_DEBUG_INFO = NO;
				SDKROOT = macosx;
				SWIFT_OPTIMIZATION_LEVEL = "-Owholemodule";
			};
			name = Release;
		};
		A0FA92B21D8C6F7D00F3916D /* Debug */ = {
			isa = XCBuildConfiguration;
			baseConfigurationReference = 9D0FB6488662F63F3EA2316E /* Pods-TaskMan.debug.xcconfig */;
			buildSettings = {
				ALWAYS_EMBED_SWIFT_STANDARD_LIBRARIES = YES;
				ASSETCATALOG_COMPILER_APPICON_NAME = AppIcon;
				CLANG_ENABLE_MODULES = YES;
				COMBINE_HIDPI_IMAGES = YES;
				INFOPLIST_FILE = TaskMan/Info.plist;
				LD_RUNPATH_SEARCH_PATHS = "$(inherited) @executable_path/../Frameworks";
				PRODUCT_BUNDLE_IDENTIFIER = luizFernandoSilva.TaskMan;
				PRODUCT_NAME = "$(TARGET_NAME)";
				SWIFT_OBJC_BRIDGING_HEADER = "";
				SWIFT_OPTIMIZATION_LEVEL = "-Onone";
				SWIFT_VERSION = 3.0;
			};
			name = Debug;
		};
		A0FA92B31D8C6F7D00F3916D /* Release */ = {
			isa = XCBuildConfiguration;
			baseConfigurationReference = 689915F909CD2BA97DD82503 /* Pods-TaskMan.release.xcconfig */;
			buildSettings = {
				ALWAYS_EMBED_SWIFT_STANDARD_LIBRARIES = YES;
				ASSETCATALOG_COMPILER_APPICON_NAME = AppIcon;
				CLANG_ENABLE_MODULES = YES;
				COMBINE_HIDPI_IMAGES = YES;
				INFOPLIST_FILE = TaskMan/Info.plist;
				LD_RUNPATH_SEARCH_PATHS = "$(inherited) @executable_path/../Frameworks";
				PRODUCT_BUNDLE_IDENTIFIER = luizFernandoSilva.TaskMan;
				PRODUCT_NAME = "$(TARGET_NAME)";
				SWIFT_OBJC_BRIDGING_HEADER = "";
				SWIFT_VERSION = 3.0;
			};
			name = Release;
		};
		A0FA92B51D8C6F7D00F3916D /* Debug */ = {
			isa = XCBuildConfiguration;
			baseConfigurationReference = 39BC9A1646B4BE8799AB7D63 /* Pods-TaskManTests.debug.xcconfig */;
			buildSettings = {
				ALWAYS_EMBED_SWIFT_STANDARD_LIBRARIES = YES;
				BUNDLE_LOADER = "$(TEST_HOST)";
				COMBINE_HIDPI_IMAGES = YES;
				INFOPLIST_FILE = TaskManTests/Info.plist;
				LD_RUNPATH_SEARCH_PATHS = "$(inherited) @executable_path/../Frameworks @loader_path/../Frameworks";
				PRODUCT_BUNDLE_IDENTIFIER = luizFernandoSilva.TaskManTests;
				PRODUCT_NAME = "$(TARGET_NAME)";
				SWIFT_VERSION = 3.0;
				TEST_HOST = "$(BUILT_PRODUCTS_DIR)/TaskMan.app/Contents/MacOS/TaskMan";
			};
			name = Debug;
		};
		A0FA92B61D8C6F7D00F3916D /* Release */ = {
			isa = XCBuildConfiguration;
			baseConfigurationReference = 84CB5A7C9F40FD29EF945A3A /* Pods-TaskManTests.release.xcconfig */;
			buildSettings = {
				ALWAYS_EMBED_SWIFT_STANDARD_LIBRARIES = YES;
				BUNDLE_LOADER = "$(TEST_HOST)";
				COMBINE_HIDPI_IMAGES = YES;
				INFOPLIST_FILE = TaskManTests/Info.plist;
				LD_RUNPATH_SEARCH_PATHS = "$(inherited) @executable_path/../Frameworks @loader_path/../Frameworks";
				PRODUCT_BUNDLE_IDENTIFIER = luizFernandoSilva.TaskManTests;
				PRODUCT_NAME = "$(TARGET_NAME)";
				SWIFT_VERSION = 3.0;
				TEST_HOST = "$(BUILT_PRODUCTS_DIR)/TaskMan.app/Contents/MacOS/TaskMan";
			};
			name = Release;
		};
/* End XCBuildConfiguration section */

/* Begin XCConfigurationList section */
		A0FA92921D8C6F7C00F3916D /* Build configuration list for PBXProject "TaskMan" */ = {
			isa = XCConfigurationList;
			buildConfigurations = (
				A0FA92AF1D8C6F7D00F3916D /* Debug */,
				A0FA92B01D8C6F7D00F3916D /* Release */,
			);
			defaultConfigurationIsVisible = 0;
			defaultConfigurationName = Release;
		};
		A0FA92B11D8C6F7D00F3916D /* Build configuration list for PBXNativeTarget "TaskMan" */ = {
			isa = XCConfigurationList;
			buildConfigurations = (
				A0FA92B21D8C6F7D00F3916D /* Debug */,
				A0FA92B31D8C6F7D00F3916D /* Release */,
			);
			defaultConfigurationIsVisible = 0;
			defaultConfigurationName = Release;
		};
		A0FA92B41D8C6F7D00F3916D /* Build configuration list for PBXNativeTarget "TaskManTests" */ = {
			isa = XCConfigurationList;
			buildConfigurations = (
				A0FA92B51D8C6F7D00F3916D /* Debug */,
				A0FA92B61D8C6F7D00F3916D /* Release */,
			);
			defaultConfigurationIsVisible = 0;
			defaultConfigurationName = Release;
		};
/* End XCConfigurationList section */
	};
	rootObject = A0FA928F1D8C6F7C00F3916D /* Project object */;
}
